
Microsoft Visual Studio Solution File, Format Version 12.00
# Visual Studio Version 16
VisualStudioVersion = 16.0.31112.23
MinimumVisualStudioVersion = 10.0.40219.1
Project("{FAE04EC0-301F-11D3-BF4B-00C04F79EFBC}") = "Naloga1", "Naloga1\Naloga1.csproj", "{2E8D4FBD-ADA8-4F09-BE31-FC1999829B7A}"
EndProject
Project("{FAE04EC0-301F-11D3-BF4B-00C04F79EFBC}") = "Naloga2", "Naloga2\Naloga2.csproj", "{02D8F0C0-B18F-47DC-9700-342F39320CF6}"
EndProject
Global
	GlobalSection(SolutionConfigurationPlatforms) = preSolution
		Debug|Any CPU = Debug|Any CPU
		Release|Any CPU = Release|Any CPU
	EndGlobalSection
	GlobalSection(ProjectConfigurationPlatforms) = postSolution
		{2E8D4FBD-ADA8-4F09-BE31-FC1999829B7A}.Debug|Any CPU.ActiveCfg = Debug|Any CPU
		{2E8D4FBD-ADA8-4F09-BE31-FC1999829B7A}.Debug|Any CPU.Build.0 = Debug|Any CPU
		{2E8D4FBD-ADA8-4F09-BE31-FC1999829B7A}.Release|Any CPU.ActiveCfg = Release|Any CPU
		{2E8D4FBD-ADA8-4F09-BE31-FC1999829B7A}.Release|Any CPU.Build.0 = Release|Any CPU
		{02D8F0C0-B18F-47DC-9700-342F39320CF6}.Debug|Any CPU.ActiveCfg = Debug|Any CPU
		{02D8F0C0-B18F-47DC-9700-342F39320CF6}.Debug|Any CPU.Build.0 = Debug|Any CPU
		{02D8F0C0-B18F-47DC-9700-342F39320CF6}.Release|Any CPU.ActiveCfg = Release|Any CPU
		{02D8F0C0-B18F-47DC-9700-342F39320CF6}.Release|Any CPU.Build.0 = Release|Any CPU
	EndGlobalSection
	GlobalSection(SolutionProperties) = preSolution
		HideSolutionNode = FALSE
	EndGlobalSection
	GlobalSection(ExtensibilityGlobals) = postSolution
		SolutionGuid = {CB6395DD-E513-4AE5-B0F0-C893B80E2A05}
	EndGlobalSection
EndGlobal
